// !$*UTF8*$!
{
	archiveVersion = 1;
	classes = {
	};
	objectVersion = 56;
	objects = {

/* Begin PBXBuildFile section */
		69A9E73D29B02F27002B2DBB /* main.cpp in Sources */ = {isa = PBXBuildFile; fileRef = 69A9E73C29B02F27002B2DBB /* main.cpp */; };
		69A9E74B29B27E43002B2DBB /* FrequentFlyerAccount.cpp in Sources */ = {isa = PBXBuildFile; fileRef = 69A9E74929B27E43002B2DBB /* FrequentFlyerAccount.cpp */; };
		69A9E74E29B27E5E002B2DBB /* PlaneFlight.cpp in Sources */ = {isa = PBXBuildFile; fileRef = 69A9E74C29B27E5E002B2DBB /* PlaneFlight.cpp */; };
/* End PBXBuildFile section */

/* Begin PBXCopyFilesBuildPhase section */
		69A9E73729B02F27002B2DBB /* CopyFiles */ = {
			isa = PBXCopyFilesBuildPhase;
			buildActionMask = 2147483647;
			dstPath = /usr/share/man/man1/;
			dstSubfolderSpec = 0;
			files = (
			);
			runOnlyForDeploymentPostprocessing = 1;
		};
/* End PBXCopyFilesBuildPhase section */

/* Begin PBXFileReference section */
		69A9E73929B02F27002B2DBB /* FrequentFlyerAccount */ = {isa = PBXFileReference; explicitFileType = "compiled.mach-o.executable"; includeInIndex = 0; path = FrequentFlyerAccount; sourceTree = BUILT_PRODUCTS_DIR; };
		69A9E73C29B02F27002B2DBB /* main.cpp */ = {isa = PBXFileReference; lastKnownFileType = sourcecode.cpp.cpp; path = main.cpp; sourceTree = "<group>"; };
		69A9E74929B27E43002B2DBB /* FrequentFlyerAccount.cpp */ = {isa = PBXFileReference; lastKnownFileType = sourcecode.cpp.cpp; path = FrequentFlyerAccount.cpp; sourceTree = "<group>"; };
		69A9E74A29B27E43002B2DBB /* FrequentFlyerAccount.h */ = {isa = PBXFileReference; lastKnownFileType = sourcecode.c.h; path = FrequentFlyerAccount.h; sourceTree = "<group>"; };
		69A9E74C29B27E5E002B2DBB /* PlaneFlight.cpp */ = {isa = PBXFileReference; lastKnownFileType = sourcecode.cpp.cpp; path = PlaneFlight.cpp; sourceTree = "<group>"; };
		69A9E74D29B27E5E002B2DBB /* PlaneFlight.h */ = {isa = PBXFileReference; lastKnownFileType = sourcecode.c.h; path = PlaneFlight.h; sourceTree = "<group>"; };
/* End PBXFileReference section */

/* Begin PBXFrameworksBuildPhase section */
		69A9E73629B02F27002B2DBB /* Frameworks */ = {
			isa = PBXFrameworksBuildPhase;
			buildActionMask = 2147483647;
			files = (
			);
			runOnlyForDeploymentPostprocessing = 0;
		};
/* End PBXFrameworksBuildPhase section */

/* Begin PBXGroup section */
		69A9E73029B02F27002B2DBB = {
			isa = PBXGroup;
			children = (
				69A9E73B29B02F27002B2DBB /* FrequentFlyerAccount */,
				69A9E73A29B02F27002B2DBB /* Products */,
			);
			sourceTree = "<group>";
		};
		69A9E73A29B02F27002B2DBB /* Products */ = {
			isa = PBXGroup;
			children = (
				69A9E73929B02F27002B2DBB /* FrequentFlyerAccount */,
			);
			name = Products;
			sourceTree = "<group>";
		};
		69A9E73B29B02F27002B2DBB /* FrequentFlyerAccount */ = {
			isa = PBXGroup;
			children = (
				69A9E73C29B02F27002B2DBB /* main.cpp */,
				69A9E74C29B27E5E002B2DBB /* PlaneFlight.cpp */,
				69A9E74929B27E43002B2DBB /* FrequentFlyerAccount.cpp */,
				69A9E74D29B27E5E002B2DBB /* PlaneFlight.h */,
				69A9E74A29B27E43002B2DBB /* FrequentFlyerAccount.h */,
			);
			path = FrequentFlyerAccount;
			sourceTree = "<group>";
		};
/* End PBXGroup section */

/* Begin PBXNativeTarget section */
		69A9E73829B02F27002B2DBB /* FrequentFlyerAccount */ = {
			isa = PBXNativeTarget;
			buildConfigurationList = 69A9E74029B02F27002B2DBB /* Build configuration list for PBXNativeTarget "FrequentFlyerAccount" */;
			buildPhases = (
				69A9E73529B02F27002B2DBB /* Sources */,
				69A9E73629B02F27002B2DBB /* Frameworks */,
				69A9E73729B02F27002B2DBB /* CopyFiles */,
			);
			buildRules = (
			);
			dependencies = (
			);
			name = FrequentFlyerAccount;
			productName = FrequentFlyerAccount;
			productReference = 69A9E73929B02F27002B2DBB /* FrequentFlyerAccount */;
			productType = "com.apple.product-type.tool";
		};
/* End PBXNativeTarget section */

/* Begin PBXProject section */
		69A9E73129B02F27002B2DBB /* Project object */ = {
			isa = PBXProject;
			attributes = {
				BuildIndependentTargetsInParallel = 1;
				LastUpgradeCheck = 1420;
				TargetAttributes = {
					69A9E73829B02F27002B2DBB = {
						CreatedOnToolsVersion = 14.2;
					};
				};
			};
			buildConfigurationList = 69A9E73429B02F27002B2DBB /* Build configuration list for PBXProject "FrequentFlyerAccount" */;
			compatibilityVersion = "Xcode 14.0";
			developmentRegion = en;
			hasScannedForEncodings = 0;
			knownRegions = (
				en,
				Base,
			);
			mainGroup = 69A9E73029B02F27002B2DBB;
			productRefGroup = 69A9E73A29B02F27002B2DBB /* Products */;
			projectDirPath = "";
			projectRoot = "";
			targets = (
				69A9E73829B02F27002B2DBB /* FrequentFlyerAccount */,
			);
		};
/* End PBXProject section */

/* Begin PBXSourcesBuildPhase section */
		69A9E73529B02F27002B2DBB /* Sources */ = {
			isa = PBXSourcesBuildPhase;
			buildActionMask = 2147483647;
			files = (
				69A9E74B29B27E43002B2DBB /* FrequentFlyerAccount.cpp in Sources */,
				69A9E73D29B02F27002B2DBB /* main.cpp in Sources */,
				69A9E74E29B27E5E002B2DBB /* PlaneFlight.cpp in Sources */,
			);
			runOnlyForDeploymentPostprocessing = 0;
		};
/* End PBXSourcesBuildPhase section */

/* Begin XCBuildConfiguration section */
		69A9E73E29B02F27002B2DBB /* Debug */ = {
			isa = XCBuildConfiguration;
			buildSettings = {
				ALWAYS_SEARCH_USER_PATHS = NO;
				CLANG_ANALYZER_NONNULL = YES;
				CLANG_ANALYZER_NUMBER_OBJECT_CONVERSION = YES_AGGRESSIVE;
				CLANG_CXX_LANGUAGE_STANDARD = "gnu++20";
				CLANG_ENABLE_MODULES = YES;
				CLANG_ENABLE_OBJC_ARC = YES;
				CLANG_ENABLE_OBJC_WEAK = YES;
				CLANG_WARN_BLOCK_CAPTURE_AUTORELEASING = YES;
				CLANG_WARN_BOOL_CONVERSION = YES;
				CLANG_WARN_COMMA = YES;
				CLANG_WARN_CONSTANT_CONVERSION = YES;
				CLANG_WARN_DEPRECATED_OBJC_IMPLEMENTATIONS = YES;
				CLANG_WARN_DIRECT_OBJC_ISA_USAGE = YES_ERROR;
				CLANG_WARN_DOCUMENTATION_COMMENTS = YES;
				CLANG_WARN_EMPTY_BODY = YES;
				CLANG_WARN_ENUM_CONVERSION = YES;
				CLANG_WARN_INFINITE_RECURSION = YES;
				CLANG_WARN_INT_CONVERSION = YES;
				CLANG_WARN_NON_LITERAL_NULL_CONVERSION = YES;
				CLANG_WARN_OBJC_IMPLICIT_RETAIN_SELF = YES;
				CLANG_WARN_OBJC_LITERAL_CONVERSION = YES;
				CLANG_WARN_OBJC_ROOT_CLASS = YES_ERROR;
				CLANG_WARN_QUOTED_INCLUDE_IN_FRAMEWORK_HEADER = YES;
				CLANG_WARN_RANGE_LOOP_ANALYSIS = YES;
				CLANG_WARN_STRICT_PROTOTYPES = YES;
				CLANG_WARN_SUSPICIOUS_MOVE = YES;
				CLANG_WARN_UNGUARDED_AVAILABILITY = YES_AGGRESSIVE;
				CLANG_WARN_UNREACHABLE_CODE = YES;
				CLANG_WARN__DUPLICATE_METHOD_MATCH = YES;
				COPY_PHASE_STRIP = NO;
				DEBUG_INFORMATION_FORMAT = dwarf;
				ENABLE_STRICT_OBJC_MSGSEND = YES;
				ENABLE_TESTABILITY = YES;
				GCC_C_LANGUAGE_STANDARD = gnu11;
				GCC_DYNAMIC_NO_PIC = NO;
				GCC_NO_COMMON_BLOCKS = YES;
				GCC_OPTIMIZATION_LEVEL = 0;
				GCC_PREPROCESSOR_DEFINITIONS = (
					"DEBUG=1",
					"$(inherited)",
				);
				GCC_WARN_64_TO_32_BIT_CONVERSION = YES;
				GCC_WARN_ABOUT_RETURN_TYPE = YES_ERROR;
				GCC_WARN_UNDECLARED_SELECTOR = YES;
				GCC_WARN_UNINITIALIZED_AUTOS = YES_AGGRESSIVE;
				GCC_WARN_UNUSED_FUNCTION = YES;
				GCC_WARN_UNUSED_VARIABLE = YES;
				MACOSX_DEPLOYMENT_TARGET = 12.6;
				MTL_ENABLE_DEBUG_INFO = INCLUDE_SOURCE;
				MTL_FAST_MATH = YES;
				ONLY_ACTIVE_ARCH = YES;
				SDKROOT = macosx;
			};
			name = Debug;
		};
		69A9E73F29B02F27002B2DBB /* Release */ = {
			isa = XCBuildConfiguration;
			buildSettings = {
				ALWAYS_SEARCH_USER_PATHS = NO;
				CLANG_ANALYZER_NONNULL = YES;
				CLANG_ANALYZER_NUMBER_OBJECT_CONVERSION = YES_AGGRESSIVE;
				CLANG_CXX_LANGUAGE_STANDARD = "gnu++20";
				CLANG_ENABLE_MODULES = YES;
				CLANG_ENABLE_OBJC_ARC = YES;
				CLANG_ENABLE_OBJC_WEAK = YES;
				CLANG_WARN_BLOCK_CAPTURE_AUTORELEASING = YES;
				CLANG_WARN_BOOL_CONVERSION = YES;
				CLANG_WARN_COMMA = YES;
				CLANG_WARN_CONSTANT_CONVERSION = YES;
				CLANG_WARN_DEPRECATED_OBJC_IMPLEMENTATIONS = YES;
				CLANG_WARN_DIRECT_OBJC_ISA_USAGE = YES_ERROR;
				CLANG_WARN_DOCUMENTATION_COMMENTS = YES;
				CLANG_WARN_EMPTY_BODY = YES;
				CLANG_WARN_ENUM_CONVERSION = YES;
				CLANG_WARN_INFINITE_RECURSION = YES;
				CLANG_WARN_INT_CONVERSION = YES;
				CLANG_WARN_NON_LITERAL_NULL_CONVERSION = YES;
				CLANG_WARN_OBJC_IMPLICIT_RETAIN_SELF = YES;
				CLANG_WARN_OBJC_LITERAL_CONVERSION = YES;
				CLANG_WARN_OBJC_ROOT_CLASS = YES_ERROR;
				CLANG_WARN_QUOTED_INCLUDE_IN_FRAMEWORK_HEADER = YES;
				CLANG_WARN_RANGE_LOOP_ANALYSIS = YES;
				CLANG_WARN_STRICT_PROTOTYPES = YES;
				CLANG_WARN_SUSPICIOUS_MOVE = YES;
				CLANG_WARN_UNGUARDED_AVAILABILITY = YES_AGGRESSIVE;
				CLANG_WARN_UNREACHABLE_CODE = YES;
				CLANG_WARN__DUPLICATE_METHOD_MATCH = YES;
				COPY_PHASE_STRIP = NO;
				DEBUG_INFORMATION_FORMAT = "dwarf-with-dsym";
				ENABLE_NS_ASSERTIONS = NO;
				ENABLE_STRICT_OBJC_MSGSEND = YES;
				GCC_C_LANGUAGE_STANDARD = gnu11;
				GCC_NO_COMMON_BLOCKS = YES;
				GCC_WARN_64_TO_32_BIT_CONVERSION = YES;
				GCC_WARN_ABOUT_RETURN_TYPE = YES_ERROR;
				GCC_WARN_UNDECLARED_SELECTOR = YES;
				GCC_WARN_UNINITIALIZED_AUTOS = YES_AGGRESSIVE;
				GCC_WARN_UNUSED_FUNCTION = YES;
				GCC_WARN_UNUSED_VARIABLE = YES;
				MACOSX_DEPLOYMENT_TARGET = 12.6;
				MTL_ENABLE_DEBUG_INFO = NO;
				MTL_FAST_MATH = YES;
				SDKROOT = macosx;
			};
			name = Release;
		};
		69A9E74129B02F27002B2DBB /* Debug */ = {
			isa = XCBuildConfiguration;
			buildSettings = {
				CODE_SIGN_STYLE = Automatic;
				PRODUCT_NAME = "$(TARGET_NAME)";
			};
			name = Debug;
		};
		69A9E74229B02F27002B2DBB /* Release */ = {
			isa = XCBuildConfiguration;
			buildSettings = {
				CODE_SIGN_STYLE = Automatic;
				PRODUCT_NAME = "$(TARGET_NAME)";
			};
			name = Release;
		};
/* End XCBuildConfiguration section */

/* Begin XCConfigurationList section */
		69A9E73429B02F27002B2DBB /* Build configuration list for PBXProject "FrequentFlyerAccount" */ = {
			isa = XCConfigurationList;
			buildConfigurations = (
				69A9E73E29B02F27002B2DBB /* Debug */,
				69A9E73F29B02F27002B2DBB /* Release */,
			);
			defaultConfigurationIsVisible = 0;
			defaultConfigurationName = Release;
		};
		69A9E74029B02F27002B2DBB /* Build configuration list for PBXNativeTarget "FrequentFlyerAccount" */ = {
			isa = XCConfigurationList;
			buildConfigurations = (
				69A9E74129B02F27002B2DBB /* Debug */,
				69A9E74229B02F27002B2DBB /* Release */,
			);
			defaultConfigurationIsVisible = 0;
			defaultConfigurationName = Release;
		};
/* End XCConfigurationList section */
	};
	rootObject = 69A9E73129B02F27002B2DBB /* Project object */;
}
